
Microsoft Visual Studio Solution File, Format Version 12.00
# Visual Studio 15
VisualStudioVersion = 15.0.27703.2026
MinimumVisualStudioVersion = 10.0.40219.1
Project("{9A19103F-16F7-4668-BE54-9A1E7A4F7556}") = "MyRESTService", "MyRESTService\MyRESTService.csproj", "{FD628880-EE74-4FA5-A0C8-44FD89B3287D}"
EndProject
Global
	GlobalSection(SolutionConfigurationPlatforms) = preSolution
		Debug|Any CPU = Debug|Any CPU
		Release|Any CPU = Release|Any CPU
	EndGlobalSection
	GlobalSection(ProjectConfigurationPlatforms) = postSolution
		{FD628880-EE74-4FA5-A0C8-44FD89B3287D}.Debug|Any CPU.ActiveCfg = Debug|Any CPU
		{FD628880-EE74-4FA5-A0C8-44FD89B3287D}.Debug|Any CPU.Build.0 = Debug|Any CPU
		{FD628880-EE74-4FA5-A0C8-44FD89B3287D}.Release|Any CPU.ActiveCfg = Release|Any CPU
		{FD628880-EE74-4FA5-A0C8-44FD89B3287D}.Release|Any CPU.Build.0 = Release|Any CPU
	EndGlobalSection
	GlobalSection(SolutionProperties) = preSolution
		HideSolutionNode = FALSE
	EndGlobalSection
	GlobalSection(ExtensibilityGlobals) = postSolution
		SolutionGuid = {C0A57739-34C1-4FDE-8D49-0173262655EB}
	EndGlobalSection
EndGlobal
